
Microsoft Visual Studio Solution File, Format Version 12.00
# Visual Studio Version 17
VisualStudioVersion = 17.4.33213.308
MinimumVisualStudioVersion = 10.0.40219.1
Project("{FAE04EC0-301F-11D3-BF4B-00C04F79EFBC}") = "OTPSender", "OTPSender\OTPSender.csproj", "{4D77AFD8-697A-4DB8-BE05-C0D9C31EFCCA}"
EndProject
Global
	GlobalSection(SolutionConfigurationPlatforms) = preSolution
		Debug|Any CPU = Debug|Any CPU
		Release|Any CPU = Release|Any CPU
	EndGlobalSection
	GlobalSection(ProjectConfigurationPlatforms) = postSolution
		{4D77AFD8-697A-4DB8-BE05-C0D9C31EFCCA}.Debug|Any CPU.ActiveCfg = Debug|Any CPU
		{4D77AFD8-697A-4DB8-BE05-C0D9C31EFCCA}.Debug|Any CPU.Build.0 = Debug|Any CPU
		{4D77AFD8-697A-4DB8-BE05-C0D9C31EFCCA}.Release|Any CPU.ActiveCfg = Release|Any CPU
		{4D77AFD8-697A-4DB8-BE05-C0D9C31EFCCA}.Release|Any CPU.Build.0 = Release|Any CPU
	EndGlobalSection
	GlobalSection(SolutionProperties) = preSolution
		HideSolutionNode = FALSE
	EndGlobalSection
	GlobalSection(ExtensibilityGlobals) = postSolution
		SolutionGuid = {9614999E-F139-49E2-9467-C545D710506D}
	EndGlobalSection
EndGlobal
